
Microsoft Visual Studio Solution File, Format Version 12.00
# Visual Studio Version 17
VisualStudioVersion = 17.3.32819.101
MinimumVisualStudioVersion = 10.0.40219.1
Project("{FAE04EC0-301F-11D3-BF4B-00C04F79EFBC}") = "TestingLayer", "TestingLayer\TestingLayer.csproj", "{82CCB7FE-C9EB-4388-BED0-03BDC75780A8}"
EndProject
Project("{FAE04EC0-301F-11D3-BF4B-00C04F79EFBC}") = "DataAccessLayer", "DataAccessLayer\DataAccessLayer.csproj", "{96164B35-5E12-4A59-953D-62BFA2AF6F42}"
EndProject
Project("{FAE04EC0-301F-11D3-BF4B-00C04F79EFBC}") = "ServiceLayer", "ServiceLayer\ServiceLayer.csproj", "{9F057CAD-B062-44EC-AB08-8057C9188041}"
EndProject
Project("{FAE04EC0-301F-11D3-BF4B-00C04F79EFBC}") = "PresentationLayer", "PresentationLayer\PresentationLayer.csproj", "{5589A06A-D6CC-478D-9026-F0807E1010E4}"
EndProject
Global
	GlobalSection(SolutionConfigurationPlatforms) = preSolution
		Debug|Any CPU = Debug|Any CPU
		Release|Any CPU = Release|Any CPU
	EndGlobalSection
	GlobalSection(ProjectConfigurationPlatforms) = postSolution
		{82CCB7FE-C9EB-4388-BED0-03BDC75780A8}.Debug|Any CPU.ActiveCfg = Debug|Any CPU
		{82CCB7FE-C9EB-4388-BED0-03BDC75780A8}.Debug|Any CPU.Build.0 = Debug|Any CPU
		{82CCB7FE-C9EB-4388-BED0-03BDC75780A8}.Release|Any CPU.ActiveCfg = Release|Any CPU
		{82CCB7FE-C9EB-4388-BED0-03BDC75780A8}.Release|Any CPU.Build.0 = Release|Any CPU
		{96164B35-5E12-4A59-953D-62BFA2AF6F42}.Debug|Any CPU.ActiveCfg = Debug|Any CPU
		{96164B35-5E12-4A59-953D-62BFA2AF6F42}.Debug|Any CPU.Build.0 = Debug|Any CPU
		{96164B35-5E12-4A59-953D-62BFA2AF6F42}.Release|Any CPU.ActiveCfg = Release|Any CPU
		{96164B35-5E12-4A59-953D-62BFA2AF6F42}.Release|Any CPU.Build.0 = Release|Any CPU
		{9F057CAD-B062-44EC-AB08-8057C9188041}.Debug|Any CPU.ActiveCfg = Debug|Any CPU
		{9F057CAD-B062-44EC-AB08-8057C9188041}.Debug|Any CPU.Build.0 = Debug|Any CPU
		{9F057CAD-B062-44EC-AB08-8057C9188041}.Release|Any CPU.ActiveCfg = Release|Any CPU
		{9F057CAD-B062-44EC-AB08-8057C9188041}.Release|Any CPU.Build.0 = Release|Any CPU
		{5589A06A-D6CC-478D-9026-F0807E1010E4}.Debug|Any CPU.ActiveCfg = Debug|Any CPU
		{5589A06A-D6CC-478D-9026-F0807E1010E4}.Debug|Any CPU.Build.0 = Debug|Any CPU
		{5589A06A-D6CC-478D-9026-F0807E1010E4}.Release|Any CPU.ActiveCfg = Release|Any CPU
		{5589A06A-D6CC-478D-9026-F0807E1010E4}.Release|Any CPU.Build.0 = Release|Any CPU
	EndGlobalSection
	GlobalSection(SolutionProperties) = preSolution
		HideSolutionNode = FALSE
	EndGlobalSection
	GlobalSection(ExtensibilityGlobals) = postSolution
		SolutionGuid = {4B391AAC-197C-4A0B-B4F3-F815E065C3DA}
	EndGlobalSection
EndGlobal
